// !$*UTF8*$!
{
	archiveVersion = 1;
	classes = {
	};
	objectVersion = 46;
	objects = {

/* Begin PBXBuildFile section */
		BE3226A91CEF66F2003D967D /* AppDelegate.swift in Sources */ = {isa = PBXBuildFile; fileRef = BE3226A81CEF66F2003D967D /* AppDelegate.swift */; };
		BE3226AB1CEF66F2003D967D /* ViewController.swift in Sources */ = {isa = PBXBuildFile; fileRef = BE3226AA1CEF66F2003D967D /* ViewController.swift */; };
		BE3226AE1CEF66F2003D967D /* Main.storyboard in Resources */ = {isa = PBXBuildFile; fileRef = BE3226AC1CEF66F2003D967D /* Main.storyboard */; };
		BE3226B01CEF66F2003D967D /* Assets.xcassets in Resources */ = {isa = PBXBuildFile; fileRef = BE3226AF1CEF66F2003D967D /* Assets.xcassets */; };
		BE3226B31CEF66F2003D967D /* LaunchScreen.storyboard in Resources */ = {isa = PBXBuildFile; fileRef = BE3226B11CEF66F2003D967D /* LaunchScreen.storyboard */; };
/* End PBXBuildFile section */

/* Begin PBXCopyFilesBuildPhase section */
		BE3C66251CF2C24400A48181 /* Embed Frameworks */ = {
			isa = PBXCopyFilesBuildPhase;
			buildActionMask = 2147483647;
			dstPath = "";
			dstSubfolderSpec = 10;
			files = (
			);
			name = "Embed Frameworks";
			runOnlyForDeploymentPostprocessing = 0;
		};
/* End PBXCopyFilesBuildPhase section */

/* Begin PBXFileReference section */
		BE3226A51CEF66F2003D967D /* PopUp.app */ = {isa = PBXFileReference; explicitFileType = wrapper.application; includeInIndex = 0; path = PopUp.app; sourceTree = BUILT_PRODUCTS_DIR; };
		BE3226A81CEF66F2003D967D /* AppDelegate.swift */ = {isa = PBXFileReference; lastKnownFileType = sourcecode.swift; path = AppDelegate.swift; sourceTree = "<group>"; };
		BE3226AA1CEF66F2003D967D /* ViewController.swift */ = {isa = PBXFileReference; lastKnownFileType = sourcecode.swift; path = ViewController.swift; sourceTree = "<group>"; };
		BE3226AD1CEF66F2003D967D /* Base */ = {isa = PBXFileReference; lastKnownFileType = file.storyboard; name = Base; path = Base.lproj/Main.storyboard; sourceTree = "<group>"; };
		BE3226AF1CEF66F2003D967D /* Assets.xcassets */ = {isa = PBXFileReference; lastKnownFileType = folder.assetcatalog; path = Assets.xcassets; sourceTree = "<group>"; };
		BE3226B21CEF66F2003D967D /* Base */ = {isa = PBXFileReference; lastKnownFileType = file.storyboard; name = Base; path = Base.lproj/LaunchScreen.storyboard; sourceTree = "<group>"; };
		BE3226B41CEF66F2003D967D /* Info.plist */ = {isa = PBXFileReference; lastKnownFileType = text.plist.xml; path = Info.plist; sourceTree = "<group>"; };
/* End PBXFileReference section */

/* Begin PBXFrameworksBuildPhase section */
		BE3226A21CEF66F2003D967D /* Frameworks */ = {
			isa = PBXFrameworksBuildPhase;
			buildActionMask = 2147483647;
			files = (
			);
			runOnlyForDeploymentPostprocessing = 0;
		};
/* End PBXFrameworksBuildPhase section */

/* Begin PBXGroup section */
		BE32269C1CEF66F2003D967D = {
			isa = PBXGroup;
			children = (
				BE3226A71CEF66F2003D967D /* PopUp */,
				BE3226A61CEF66F2003D967D /* Products */,
			);
			sourceTree = "<group>";
		};
		BE3226A61CEF66F2003D967D /* Products */ = {
			isa = PBXGroup;
			children = (
				BE3226A51CEF66F2003D967D /* PopUp.app */,
			);
			name = Products;
			sourceTree = "<group>";
		};
		BE3226A71CEF66F2003D967D /* PopUp */ = {
			isa = PBXGroup;
			children = (
				BE3226A81CEF66F2003D967D /* AppDelegate.swift */,
				BE3226AA1CEF66F2003D967D /* ViewController.swift */,
				BE3226AC1CEF66F2003D967D /* Main.storyboard */,
				BE3226AF1CEF66F2003D967D /* Assets.xcassets */,
				BE3226B11CEF66F2003D967D /* LaunchScreen.storyboard */,
				BE3226B41CEF66F2003D967D /* Info.plist */,
			);
			path = PopUp;
			sourceTree = "<group>";
		};
/* End PBXGroup section */

/* Begin PBXNativeTarget section */
		BE3226A41CEF66F2003D967D /* PopUp */ = {
			isa = PBXNativeTarget;
			buildConfigurationList = BE3226B71CEF66F2003D967D /* Build configuration list for PBXNativeTarget "PopUp" */;
			buildPhases = (
				BE3226A11CEF66F2003D967D /* Sources */,
				BE3226A21CEF66F2003D967D /* Frameworks */,
				BE3226A31CEF66F2003D967D /* Resources */,
				BE3C66251CF2C24400A48181 /* Embed Frameworks */,
			);
			buildRules = (
			);
			dependencies = (
			);
			name = PopUp;
			productName = PopUp;
			productReference = BE3226A51CEF66F2003D967D /* PopUp.app */;
			productType = "com.apple.product-type.application";
		};
/* End PBXNativeTarget section */

/* Begin PBXProject section */
		BE32269D1CEF66F2003D967D /* Project object */ = {
			isa = PBXProject;
			attributes = {
				LastSwiftUpdateCheck = 0730;
				LastUpgradeCheck = 0730;
				ORGANIZATIONNAME = FBData;
				TargetAttributes = {
					BE3226A41CEF66F2003D967D = {
						CreatedOnToolsVersion = 7.3.1;
					};
				};
			};
			buildConfigurationList = BE3226A01CEF66F2003D967D /* Build configuration list for PBXProject "PopUp" */;
			compatibilityVersion = "Xcode 3.2";
			developmentRegion = English;
			hasScannedForEncodings = 0;
			knownRegions = (
				en,
				Base,
			);
			mainGroup = BE32269C1CEF66F2003D967D;
			productRefGroup = BE3226A61CEF66F2003D967D /* Products */;
			projectDirPath = "";
			projectRoot = "";
			targets = (
				BE3226A41CEF66F2003D967D /* PopUp */,
			);
		};
/* End PBXProject section */

/* Begin PBXResourcesBuildPhase section */
		BE3226A31CEF66F2003D967D /* Resources */ = {
			isa = PBXResourcesBuildPhase;
			buildActionMask = 2147483647;
			files = (
				BE3226B31CEF66F2003D967D /* LaunchScreen.storyboard in Resources */,
				BE3226B01CEF66F2003D967D /* Assets.xcassets in Resources */,
				BE3226AE1CEF66F2003D967D /* Main.storyboard in Resources */,
			);
			runOnlyForDeploymentPostprocessing = 0;
		};
/* End PBXResourcesBuildPhase section */

/* Begin PBXSourcesBuildPhase section */
		BE3226A11CEF66F2003D967D /* Sources */ = {
			isa = PBXSourcesBuildPhase;
			buildActionMask = 2147483647;
			files = (
				BE3226AB1CEF66F2003D967D /* ViewController.swift in Sources */,
				BE3226A91CEF66F2003D967D /* AppDelegate.swift in Sources */,
			);
			runOnlyForDeploymentPostprocessing = 0;
		};
/* End PBXSourcesBuildPhase section */

/* Begin PBXVariantGroup section */
		BE3226AC1CEF66F2003D967D /* Main.storyboard */ = {
			isa = PBXVariantGroup;
			children = (
				BE3226AD1CEF66F2003D967D /* Base */,
			);
			name = Main.storyboard;
			sourceTree = "<group>";
		};
		BE3226B11CEF66F2003D967D /* LaunchScreen.storyboard */ = {
			isa = PBXVariantGroup;
			children = (
				BE3226B21CEF66F2003D967D /* Base */,
			);
			name = LaunchScreen.storyboard;
			sourceTree = "<group>";
		};
/* End PBXVariantGroup section */

/* Begin XCBuildConfiguration section */
		BE3226B51CEF66F2003D967D /* Debug */ = {
			isa = XCBuildConfiguration;
			buildSettings = {
				ALWAYS_SEARCH_USER_PATHS = NO;
				CLANG_ANALYZER_NONNULL = YES;
				CLANG_CXX_LANGUAGE_STANDARD = "gnu++0x";
				CLANG_CXX_LIBRARY = "libc++";
				CLANG_ENABLE_MODULES = YES;
				CLANG_ENABLE_OBJC_ARC = YES;
				CLANG_WARN_BOOL_CONVERSION = YES;
				CLANG_WARN_CONSTANT_CONVERSION = YES;
				CLANG_WARN_DIRECT_OBJC_ISA_USAGE = YES_ERROR;
				CLANG_WARN_EMPTY_BODY = YES;
				CLANG_WARN_ENUM_CONVERSION = YES;
				CLANG_WARN_INT_CONVERSION = YES;
				CLANG_WARN_OBJC_ROOT_CLASS = YES_ERROR;
				CLANG_WARN_UNREACHABLE_CODE = YES;
				CLANG_WARN__DUPLICATE_METHOD_MATCH = YES;
				"CODE_SIGN_IDENTITY[sdk=iphoneos*]" = "iPhone Developer";
				COPY_PHASE_STRIP = NO;
				DEBUG_INFORMATION_FORMAT = dwarf;
				ENABLE_STRICT_OBJC_MSGSEND = YES;
				ENABLE_TESTABILITY = YES;
				GCC_C_LANGUAGE_STANDARD = gnu99;
				GCC_DYNAMIC_NO_PIC = NO;
				GCC_NO_COMMON_BLOCKS = YES;
				GCC_OPTIMIZATION_LEVEL = 0;
				GCC_PREPROCESSOR_DEFINITIONS = (
					"DEBUG=1",
					"$(inherited)",
				);
				GCC_WARN_64_TO_32_BIT_CONVERSION = YES;
				GCC_WARN_ABOUT_RETURN_TYPE = YES_ERROR;
				GCC_WARN_UNDECLARED_SELECTOR = YES;
				GCC_WARN_UNINITIALIZED_AUTOS = YES_AGGRESSIVE;
				GCC_WARN_UNUSED_FUNCTION = YES;
				GCC_WARN_UNUSED_VARIABLE = YES;
				IPHONEOS_DEPLOYMENT_TARGET = 9.3;
				MTL_ENABLE_DEBUG_INFO = YES;
				ONLY_ACTIVE_ARCH = YES;
				SDKROOT = iphoneos;
				SWIFT_OPTIMIZATION_LEVEL = "-Onone";
				TARGETED_DEVICE_FAMILY = "1,2";
			};
			name = Debug;
		};
		BE3226B61CEF66F2003D967D /* Release */ = {
			isa = XCBuildConfiguration;
			buildSettings = {
				ALWAYS_SEARCH_USER_PATHS = NO;
				CLANG_ANALYZER_NONNULL = YES;
				CLANG_CXX_LANGUAGE_STANDARD = "gnu++0x";
				CLANG_CXX_LIBRARY = "libc++";
				CLANG_ENABLE_MODULES = YES;
				CLANG_ENABLE_OBJC_ARC = YES;
				CLANG_WARN_BOOL_CONVERSION = YES;
				CLANG_WARN_CONSTANT_CONVERSION = YES;
				CLANG_WARN_DIRECT_OBJC_ISA_USAGE = YES_ERROR;
				CLANG_WARN_EMPTY_BODY = YES;
				CLANG_WARN_ENUM_CONVERSION = YES;
				CLANG_WARN_INT_CONVERSION = YES;
				CLANG_WARN_OBJC_ROOT_CLASS = YES_ERROR;
				CLANG_WARN_UNREACHABLE_CODE = YES;
				CLANG_WARN__DUPLICATE_METHOD_MATCH = YES;
				"CODE_SIGN_IDENTITY[sdk=iphoneos*]" = "iPhone Developer";
				COPY_PHASE_STRIP = NO;
				DEBUG_INFORMATION_FORMAT = "dwarf-with-dsym";
				ENABLE_NS_ASSERTIONS = NO;
				ENABLE_STRICT_OBJC_MSGSEND = YES;
				GCC_C_LANGUAGE_STANDARD = gnu99;
				GCC_NO_COMMON_BLOCKS = YES;
				GCC_WARN_64_TO_32_BIT_CONVERSION = YES;
				GCC_WARN_ABOUT_RETURN_TYPE = YES_ERROR;
				GCC_WARN_UNDECLARED_SELECTOR = YES;
				GCC_WARN_UNINITIALIZED_AUTOS = YES_AGGRESSIVE;
				GCC_WARN_UNUSED_FUNCTION = YES;
				GCC_WARN_UNUSED_VARIABLE = YES;
				IPHONEOS_DEPLOYMENT_TARGET = 9.3;
				MTL_ENABLE_DEBUG_INFO = NO;
				SDKROOT = iphoneos;
				TARGETED_DEVICE_FAMILY = "1,2";
				VALIDATE_PRODUCT = YES;
			};
			name = Release;
		};
		BE3226B81CEF66F2003D967D /* Debug */ = {
			isa = XCBuildConfiguration;
			buildSettings = {
				ASSETCATALOG_COMPILER_APPICON_NAME = AppIcon;
				EMBEDDED_CONTENT_CONTAINS_SWIFT = YES;
				INFOPLIST_FILE = PopUp/Info.plist;
				LD_RUNPATH_SEARCH_PATHS = "$(inherited) @executable_path/Frameworks";
				PRODUCT_BUNDLE_IDENTIFIER = com.PopUp;
				PRODUCT_NAME = "$(TARGET_NAME)";
			};
			name = Debug;
		};
		BE3226B91CEF66F2003D967D /* Release */ = {
			isa = XCBuildConfiguration;
			buildSettings = {
				ASSETCATALOG_COMPILER_APPICON_NAME = AppIcon;
				EMBEDDED_CONTENT_CONTAINS_SWIFT = YES;
				INFOPLIST_FILE = PopUp/Info.plist;
				LD_RUNPATH_SEARCH_PATHS = "$(inherited) @executable_path/Frameworks";
				PRODUCT_BUNDLE_IDENTIFIER = com.PopUp;
				PRODUCT_NAME = "$(TARGET_NAME)";
			};
			name = Release;
		};
/* End XCBuildConfiguration section */

/* Begin XCConfigurationList section */
		BE3226A01CEF66F2003D967D /* Build configuration list for PBXProject "PopUp" */ = {
			isa = XCConfigurationList;
			buildConfigurations = (
				BE3226B51CEF66F2003D967D /* Debug */,
				BE3226B61CEF66F2003D967D /* Release */,
			);
			defaultConfigurationIsVisible = 0;
			defaultConfigurationName = Release;
		};
		BE3226B71CEF66F2003D967D /* Build configuration list for PBXNativeTarget "PopUp" */ = {
			isa = XCConfigurationList;
			buildConfigurations = (
				BE3226B81CEF66F2003D967D /* Debug */,
				BE3226B91CEF66F2003D967D /* Release */,
			);
			defaultConfigurationIsVisible = 0;
			defaultConfigurationName = Release;
		};
/* End XCConfigurationList section */
	};
	rootObject = BE32269D1CEF66F2003D967D /* Project object */;
}
